// !$*UTF8*$!
{
	archiveVersion = 1;
	classes = {
	};
	objectVersion = 55;
	objects = {

/* Begin PBXBuildFile section */
		6D040F7C27DF43D600044459 /* samvluApp.swift in Sources */ = {isa = PBXBuildFile; fileRef = 6D040F6C27DF43D500044459 /* samvluApp.swift */; };
		6D040F7D27DF43D600044459 /* samvluApp.swift in Sources */ = {isa = PBXBuildFile; fileRef = 6D040F6C27DF43D500044459 /* samvluApp.swift */; };
		6D040F7E27DF43D600044459 /* ContentView.swift in Sources */ = {isa = PBXBuildFile; fileRef = 6D040F6D27DF43D500044459 /* ContentView.swift */; };
		6D040F7F27DF43D600044459 /* ContentView.swift in Sources */ = {isa = PBXBuildFile; fileRef = 6D040F6D27DF43D500044459 /* ContentView.swift */; };
		6D040F8027DF43D600044459 /* Assets.xcassets in Resources */ = {isa = PBXBuildFile; fileRef = 6D040F6E27DF43D600044459 /* Assets.xcassets */; };
		6D040F8127DF43D600044459 /* Assets.xcassets in Resources */ = {isa = PBXBuildFile; fileRef = 6D040F6E27DF43D600044459 /* Assets.xcassets */; };
		6D3A12D727F343EB00B92321 /* ProgressBar.swift in Sources */ = {isa = PBXBuildFile; fileRef = 6D3A12D627F343EB00B92321 /* ProgressBar.swift */; };
		6D3A12D827F343EB00B92321 /* ProgressBar.swift in Sources */ = {isa = PBXBuildFile; fileRef = 6D3A12D627F343EB00B92321 /* ProgressBar.swift */; };
		6D5D807527EC62B2004BFE31 /* PassDataToAnotherView.swift in Sources */ = {isa = PBXBuildFile; fileRef = 6D5D807427EC62B2004BFE31 /* PassDataToAnotherView.swift */; };
		6D5D807627EC62B2004BFE31 /* PassDataToAnotherView.swift in Sources */ = {isa = PBXBuildFile; fileRef = 6D5D807427EC62B2004BFE31 /* PassDataToAnotherView.swift */; };
		6D68C19E27DF4C8000599A5C /* TapCounter.swift in Sources */ = {isa = PBXBuildFile; fileRef = 6D68C19D27DF4C8000599A5C /* TapCounter.swift */; };
		6D68C19F27DF4C8000599A5C /* TapCounter.swift in Sources */ = {isa = PBXBuildFile; fileRef = 6D68C19D27DF4C8000599A5C /* TapCounter.swift */; };
		6D68C1A127DF87A300599A5C /* TipCalculator.swift in Sources */ = {isa = PBXBuildFile; fileRef = 6D68C1A027DF87A300599A5C /* TipCalculator.swift */; };
		6D68C1A227DF87A300599A5C /* TipCalculator.swift in Sources */ = {isa = PBXBuildFile; fileRef = 6D68C1A027DF87A300599A5C /* TipCalculator.swift */; };
		6D717BBA2875C92D00984486 /* PhotoPicker.swift in Sources */ = {isa = PBXBuildFile; fileRef = 6D717BB92875C92D00984486 /* PhotoPicker.swift */; };
		6D717BBB2875C92D00984486 /* PhotoPicker.swift in Sources */ = {isa = PBXBuildFile; fileRef = 6D717BB92875C92D00984486 /* PhotoPicker.swift */; };
		6D718D5B27EDF8B600CCD5AD /* SwipeToDismissKeyboard.swift in Sources */ = {isa = PBXBuildFile; fileRef = 6D718D5A27EDF8B600CCD5AD /* SwipeToDismissKeyboard.swift */; };
		6D718D5C27EDF8B600CCD5AD /* SwipeToDismissKeyboard.swift in Sources */ = {isa = PBXBuildFile; fileRef = 6D718D5A27EDF8B600CCD5AD /* SwipeToDismissKeyboard.swift */; };
		6DACEB9027E39ADD00EE09F6 /* BasicTableView.swift in Sources */ = {isa = PBXBuildFile; fileRef = 6DACEB8F27E39ADD00EE09F6 /* BasicTableView.swift */; };
		6DACEB9127E39ADD00EE09F6 /* BasicTableView.swift in Sources */ = {isa = PBXBuildFile; fileRef = 6DACEB8F27E39ADD00EE09F6 /* BasicTableView.swift */; };
		6DE78DD027E6012500C9B905 /* CurrentDateAndTime.swift in Sources */ = {isa = PBXBuildFile; fileRef = 6DE78DCF27E6012500C9B905 /* CurrentDateAndTime.swift */; };
		6DE78DD127E6012500C9B905 /* CurrentDateAndTime.swift in Sources */ = {isa = PBXBuildFile; fileRef = 6DE78DCF27E6012500C9B905 /* CurrentDateAndTime.swift */; };
/* End PBXBuildFile section */

/* Begin PBXFileReference section */
		6D040F6C27DF43D500044459 /* samvluApp.swift */ = {isa = PBXFileReference; lastKnownFileType = sourcecode.swift; path = samvluApp.swift; sourceTree = "<group>"; };
		6D040F6D27DF43D500044459 /* ContentView.swift */ = {isa = PBXFileReference; lastKnownFileType = sourcecode.swift; path = ContentView.swift; sourceTree = "<group>"; };
		6D040F6E27DF43D600044459 /* Assets.xcassets */ = {isa = PBXFileReference; lastKnownFileType = folder.assetcatalog; path = Assets.xcassets; sourceTree = "<group>"; };
		6D040F7327DF43D600044459 /* samvlu.app */ = {isa = PBXFileReference; explicitFileType = wrapper.application; includeInIndex = 0; path = samvlu.app; sourceTree = BUILT_PRODUCTS_DIR; };
		6D040F7927DF43D600044459 /* samvlu.app */ = {isa = PBXFileReference; explicitFileType = wrapper.application; includeInIndex = 0; path = samvlu.app; sourceTree = BUILT_PRODUCTS_DIR; };
		6D040F7B27DF43D600044459 /* macOS.entitlements */ = {isa = PBXFileReference; lastKnownFileType = text.plist.entitlements; path = macOS.entitlements; sourceTree = "<group>"; };
		6D3A12D627F343EB00B92321 /* ProgressBar.swift */ = {isa = PBXFileReference; lastKnownFileType = sourcecode.swift; path = ProgressBar.swift; sourceTree = "<group>"; };
		6D5D807427EC62B2004BFE31 /* PassDataToAnotherView.swift */ = {isa = PBXFileReference; lastKnownFileType = sourcecode.swift; path = PassDataToAnotherView.swift; sourceTree = "<group>"; };
		6D68C19D27DF4C8000599A5C /* TapCounter.swift */ = {isa = PBXFileReference; lastKnownFileType = sourcecode.swift; path = TapCounter.swift; sourceTree = "<group>"; };
		6D68C1A027DF87A300599A5C /* TipCalculator.swift */ = {isa = PBXFileReference; lastKnownFileType = sourcecode.swift; path = TipCalculator.swift; sourceTree = "<group>"; };
		6D717BB92875C92D00984486 /* PhotoPicker.swift */ = {isa = PBXFileReference; lastKnownFileType = sourcecode.swift; path = PhotoPicker.swift; sourceTree = "<group>"; };
		6D718D5A27EDF8B600CCD5AD /* SwipeToDismissKeyboard.swift */ = {isa = PBXFileReference; lastKnownFileType = sourcecode.swift; path = SwipeToDismissKeyboard.swift; sourceTree = "<group>"; };
		6DACEB8F27E39ADD00EE09F6 /* BasicTableView.swift */ = {isa = PBXFileReference; lastKnownFileType = sourcecode.swift; path = BasicTableView.swift; sourceTree = "<group>"; };
		6DE78DCF27E6012500C9B905 /* CurrentDateAndTime.swift */ = {isa = PBXFileReference; lastKnownFileType = sourcecode.swift; path = CurrentDateAndTime.swift; sourceTree = "<group>"; };
/* End PBXFileReference section */

/* Begin PBXFrameworksBuildPhase section */
		6D040F7027DF43D600044459 /* Frameworks */ = {
			isa = PBXFrameworksBuildPhase;
			buildActionMask = 2147483647;
			files = (
			);
			runOnlyForDeploymentPostprocessing = 0;
		};
		6D040F7627DF43D600044459 /* Frameworks */ = {
			isa = PBXFrameworksBuildPhase;
			buildActionMask = 2147483647;
			files = (
			);
			runOnlyForDeploymentPostprocessing = 0;
		};
/* End PBXFrameworksBuildPhase section */

/* Begin PBXGroup section */
		6D040F6627DF43D500044459 = {
			isa = PBXGroup;
			children = (
				6D040F6B27DF43D500044459 /* Shared */,
				6D040F7A27DF43D600044459 /* macOS */,
				6D040F7427DF43D600044459 /* Products */,
			);
			sourceTree = "<group>";
		};
		6D040F6B27DF43D500044459 /* Shared */ = {
			isa = PBXGroup;
			children = (
				6D040F6C27DF43D500044459 /* samvluApp.swift */,
				6D040F6D27DF43D500044459 /* ContentView.swift */,
				6D68C19D27DF4C8000599A5C /* TapCounter.swift */,
				6D68C1A027DF87A300599A5C /* TipCalculator.swift */,
				6DACEB8F27E39ADD00EE09F6 /* BasicTableView.swift */,
				6DE78DCF27E6012500C9B905 /* CurrentDateAndTime.swift */,
				6D5D807427EC62B2004BFE31 /* PassDataToAnotherView.swift */,
				6D718D5A27EDF8B600CCD5AD /* SwipeToDismissKeyboard.swift */,
				6D3A12D627F343EB00B92321 /* ProgressBar.swift */,
				6D717BB92875C92D00984486 /* PhotoPicker.swift */,
				6D040F6E27DF43D600044459 /* Assets.xcassets */,
			);
			path = Shared;
			sourceTree = "<group>";
		};
		6D040F7427DF43D600044459 /* Products */ = {
			isa = PBXGroup;
			children = (
				6D040F7327DF43D600044459 /* samvlu.app */,
				6D040F7927DF43D600044459 /* samvlu.app */,
			);
			name = Products;
			sourceTree = "<group>";
		};
		6D040F7A27DF43D600044459 /* macOS */ = {
			isa = PBXGroup;
			children = (
				6D040F7B27DF43D600044459 /* macOS.entitlements */,
			);
			path = macOS;
			sourceTree = "<group>";
		};
/* End PBXGroup section */

/* Begin PBXNativeTarget section */
		6D040F7227DF43D600044459 /* samvlu (iOS) */ = {
			isa = PBXNativeTarget;
			buildConfigurationList = 6D040F8427DF43D600044459 /* Build configuration list for PBXNativeTarget "samvlu (iOS)" */;
			buildPhases = (
				6D040F6F27DF43D600044459 /* Sources */,
				6D040F7027DF43D600044459 /* Frameworks */,
				6D040F7127DF43D600044459 /* Resources */,
			);
			buildRules = (
			);
			dependencies = (
			);
			name = "samvlu (iOS)";
			productName = "samvlu (iOS)";
			productReference = 6D040F7327DF43D600044459 /* samvlu.app */;
			productType = "com.apple.product-type.application";
		};
		6D040F7827DF43D600044459 /* samvlu (macOS) */ = {
			isa = PBXNativeTarget;
			buildConfigurationList = 6D040F8727DF43D600044459 /* Build configuration list for PBXNativeTarget "samvlu (macOS)" */;
			buildPhases = (
				6D040F7527DF43D600044459 /* Sources */,
				6D040F7627DF43D600044459 /* Frameworks */,
				6D040F7727DF43D600044459 /* Resources */,
			);
			buildRules = (
			);
			dependencies = (
			);
			name = "samvlu (macOS)";
			productName = "samvlu (macOS)";
			productReference = 6D040F7927DF43D600044459 /* samvlu.app */;
			productType = "com.apple.product-type.application";
		};
/* End PBXNativeTarget section */

/* Begin PBXProject section */
		6D040F6727DF43D500044459 /* Project object */ = {
			isa = PBXProject;
			attributes = {
				BuildIndependentTargetsInParallel = 1;
				LastSwiftUpdateCheck = 1320;
				LastUpgradeCheck = 1330;
				TargetAttributes = {
					6D040F7227DF43D600044459 = {
						CreatedOnToolsVersion = 13.2.1;
					};
					6D040F7827DF43D600044459 = {
						CreatedOnToolsVersion = 13.2.1;
					};
				};
			};
			buildConfigurationList = 6D040F6A27DF43D500044459 /* Build configuration list for PBXProject "samvlu" */;
			compatibilityVersion = "Xcode 13.0";
			developmentRegion = en;
			hasScannedForEncodings = 0;
			knownRegions = (
				en,
				Base,
			);
			mainGroup = 6D040F6627DF43D500044459;
			productRefGroup = 6D040F7427DF43D600044459 /* Products */;
			projectDirPath = "";
			projectRoot = "";
			targets = (
				6D040F7227DF43D600044459 /* samvlu (iOS) */,
				6D040F7827DF43D600044459 /* samvlu (macOS) */,
			);
		};
/* End PBXProject section */

/* Begin PBXResourcesBuildPhase section */
		6D040F7127DF43D600044459 /* Resources */ = {
			isa = PBXResourcesBuildPhase;
			buildActionMask = 2147483647;
			files = (
				6D040F8027DF43D600044459 /* Assets.xcassets in Resources */,
			);
			runOnlyForDeploymentPostprocessing = 0;
		};
		6D040F7727DF43D600044459 /* Resources */ = {
			isa = PBXResourcesBuildPhase;
			buildActionMask = 2147483647;
			files = (
				6D040F8127DF43D600044459 /* Assets.xcassets in Resources */,
			);
			runOnlyForDeploymentPostprocessing = 0;
		};
/* End PBXResourcesBuildPhase section */

/* Begin PBXSourcesBuildPhase section */
		6D040F6F27DF43D600044459 /* Sources */ = {
			isa = PBXSourcesBuildPhase;
			buildActionMask = 2147483647;
			files = (
				6DE78DD027E6012500C9B905 /* CurrentDateAndTime.swift in Sources */,
				6D5D807527EC62B2004BFE31 /* PassDataToAnotherView.swift in Sources */,
				6D68C19E27DF4C8000599A5C /* TapCounter.swift in Sources */,
				6D68C1A127DF87A300599A5C /* TipCalculator.swift in Sources */,
				6D3A12D727F343EB00B92321 /* ProgressBar.swift in Sources */,
				6D040F7E27DF43D600044459 /* ContentView.swift in Sources */,
				6D040F7C27DF43D600044459 /* samvluApp.swift in Sources */,
				6DACEB9027E39ADD00EE09F6 /* BasicTableView.swift in Sources */,
				6D717BBA2875C92D00984486 /* PhotoPicker.swift in Sources */,
				6D718D5B27EDF8B600CCD5AD /* SwipeToDismissKeyboard.swift in Sources */,
			);
			runOnlyForDeploymentPostprocessing = 0;
		};
		6D040F7527DF43D600044459 /* Sources */ = {
			isa = PBXSourcesBuildPhase;
			buildActionMask = 2147483647;
			files = (
				6DE78DD127E6012500C9B905 /* CurrentDateAndTime.swift in Sources */,
				6D5D807627EC62B2004BFE31 /* PassDataToAnotherView.swift in Sources */,
				6D68C19F27DF4C8000599A5C /* TapCounter.swift in Sources */,
				6D68C1A227DF87A300599A5C /* TipCalculator.swift in Sources */,
				6D3A12D827F343EB00B92321 /* ProgressBar.swift in Sources */,
				6D040F7F27DF43D600044459 /* ContentView.swift in Sources */,
				6D040F7D27DF43D600044459 /* samvluApp.swift in Sources */,
				6DACEB9127E39ADD00EE09F6 /* BasicTableView.swift in Sources */,
				6D717BBB2875C92D00984486 /* PhotoPicker.swift in Sources */,
				6D718D5C27EDF8B600CCD5AD /* SwipeToDismissKeyboard.swift in Sources */,
			);
			runOnlyForDeploymentPostprocessing = 0;
		};
/* End PBXSourcesBuildPhase section */

/* Begin XCBuildConfiguration section */
		6D040F8227DF43D600044459 /* Debug */ = {
			isa = XCBuildConfiguration;
			buildSettings = {
				ALWAYS_SEARCH_USER_PATHS = NO;
				CLANG_ANALYZER_NONNULL = YES;
				CLANG_ANALYZER_NUMBER_OBJECT_CONVERSION = YES_AGGRESSIVE;
				CLANG_CXX_LANGUAGE_STANDARD = "gnu++17";
				CLANG_CXX_LIBRARY = "libc++";
				CLANG_ENABLE_MODULES = YES;
				CLANG_ENABLE_OBJC_ARC = YES;
				CLANG_ENABLE_OBJC_WEAK = YES;
				CLANG_WARN_BLOCK_CAPTURE_AUTORELEASING = YES;
				CLANG_WARN_BOOL_CONVERSION = YES;
				CLANG_WARN_COMMA = YES;
				CLANG_WARN_CONSTANT_CONVERSION = YES;
				CLANG_WARN_DEPRECATED_OBJC_IMPLEMENTATIONS = YES;
				CLANG_WARN_DIRECT_OBJC_ISA_USAGE = YES_ERROR;
				CLANG_WARN_DOCUMENTATION_COMMENTS = YES;
				CLANG_WARN_EMPTY_BODY = YES;
				CLANG_WARN_ENUM_CONVERSION = YES;
				CLANG_WARN_INFINITE_RECURSION = YES;
				CLANG_WARN_INT_CONVERSION = YES;
				CLANG_WARN_NON_LITERAL_NULL_CONVERSION = YES;
				CLANG_WARN_OBJC_IMPLICIT_RETAIN_SELF = YES;
				CLANG_WARN_OBJC_LITERAL_CONVERSION = YES;
				CLANG_WARN_OBJC_ROOT_CLASS = YES_ERROR;
				CLANG_WARN_QUOTED_INCLUDE_IN_FRAMEWORK_HEADER = YES;
				CLANG_WARN_RANGE_LOOP_ANALYSIS = YES;
				CLANG_WARN_STRICT_PROTOTYPES = YES;
				CLANG_WARN_SUSPICIOUS_MOVE = YES;
				CLANG_WARN_UNGUARDED_AVAILABILITY = YES_AGGRESSIVE;
				CLANG_WARN_UNREACHABLE_CODE = YES;
				CLANG_WARN__DUPLICATE_METHOD_MATCH = YES;
				COPY_PHASE_STRIP = NO;
				DEBUG_INFORMATION_FORMAT = dwarf;
				ENABLE_STRICT_OBJC_MSGSEND = YES;
				ENABLE_TESTABILITY = YES;
				GCC_C_LANGUAGE_STANDARD = gnu11;
				GCC_DYNAMIC_NO_PIC = NO;
				GCC_NO_COMMON_BLOCKS = YES;
				GCC_OPTIMIZATION_LEVEL = 0;
				GCC_PREPROCESSOR_DEFINITIONS = (
					"DEBUG=1",
					"$(inherited)",
				);
				GCC_WARN_64_TO_32_BIT_CONVERSION = YES;
				GCC_WARN_ABOUT_RETURN_TYPE = YES_ERROR;
				GCC_WARN_UNDECLARED_SELECTOR = YES;
				GCC_WARN_UNINITIALIZED_AUTOS = YES_AGGRESSIVE;
				GCC_WARN_UNUSED_FUNCTION = YES;
				GCC_WARN_UNUSED_VARIABLE = YES;
				MTL_ENABLE_DEBUG_INFO = INCLUDE_SOURCE;
				MTL_FAST_MATH = YES;
				ONLY_ACTIVE_ARCH = YES;
				SWIFT_ACTIVE_COMPILATION_CONDITIONS = DEBUG;
				SWIFT_OPTIMIZATION_LEVEL = "-Onone";
			};
			name = Debug;
		};
		6D040F8327DF43D600044459 /* Release */ = {
			isa = XCBuildConfiguration;
			buildSettings = {
				ALWAYS_SEARCH_USER_PATHS = NO;
				CLANG_ANALYZER_NONNULL = YES;
				CLANG_ANALYZER_NUMBER_OBJECT_CONVERSION = YES_AGGRESSIVE;
				CLANG_CXX_LANGUAGE_STANDARD = "gnu++17";
				CLANG_CXX_LIBRARY = "libc++";
				CLANG_ENABLE_MODULES = YES;
				CLANG_ENABLE_OBJC_ARC = YES;
				CLANG_ENABLE_OBJC_WEAK = YES;
				CLANG_WARN_BLOCK_CAPTURE_AUTORELEASING = YES;
				CLANG_WARN_BOOL_CONVERSION = YES;
				CLANG_WARN_COMMA = YES;
				CLANG_WARN_CONSTANT_CONVERSION = YES;
				CLANG_WARN_DEPRECATED_OBJC_IMPLEMENTATIONS = YES;
				CLANG_WARN_DIRECT_OBJC_ISA_USAGE = YES_ERROR;
				CLANG_WARN_DOCUMENTATION_COMMENTS = YES;
				CLANG_WARN_EMPTY_BODY = YES;
				CLANG_WARN_ENUM_CONVERSION = YES;
				CLANG_WARN_INFINITE_RECURSION = YES;
				CLANG_WARN_INT_CONVERSION = YES;
				CLANG_WARN_NON_LITERAL_NULL_CONVERSION = YES;
				CLANG_WARN_OBJC_IMPLICIT_RETAIN_SELF = YES;
				CLANG_WARN_OBJC_LITERAL_CONVERSION = YES;
				CLANG_WARN_OBJC_ROOT_CLASS = YES_ERROR;
				CLANG_WARN_QUOTED_INCLUDE_IN_FRAMEWORK_HEADER = YES;
				CLANG_WARN_RANGE_LOOP_ANALYSIS = YES;
				CLANG_WARN_STRICT_PROTOTYPES = YES;
				CLANG_WARN_SUSPICIOUS_MOVE = YES;
				CLANG_WARN_UNGUARDED_AVAILABILITY = YES_AGGRESSIVE;
				CLANG_WARN_UNREACHABLE_CODE = YES;
				CLANG_WARN__DUPLICATE_METHOD_MATCH = YES;
				COPY_PHASE_STRIP = NO;
				DEBUG_INFORMATION_FORMAT = "dwarf-with-dsym";
				ENABLE_NS_ASSERTIONS = NO;
				ENABLE_STRICT_OBJC_MSGSEND = YES;
				GCC_C_LANGUAGE_STANDARD = gnu11;
				GCC_NO_COMMON_BLOCKS = YES;
				GCC_WARN_64_TO_32_BIT_CONVERSION = YES;
				GCC_WARN_ABOUT_RETURN_TYPE = YES_ERROR;
				GCC_WARN_UNDECLARED_SELECTOR = YES;
				GCC_WARN_UNINITIALIZED_AUTOS = YES_AGGRESSIVE;
				GCC_WARN_UNUSED_FUNCTION = YES;
				GCC_WARN_UNUSED_VARIABLE = YES;
				MTL_ENABLE_DEBUG_INFO = NO;
				MTL_FAST_MATH = YES;
				SWIFT_COMPILATION_MODE = wholemodule;
				SWIFT_OPTIMIZATION_LEVEL = "-O";
			};
			name = Release;
		};
		6D040F8527DF43D600044459 /* Debug */ = {
			isa = XCBuildConfiguration;
			buildSettings = {
				ASSETCATALOG_COMPILER_APPICON_NAME = AppIcon;
				ASSETCATALOG_COMPILER_GLOBAL_ACCENT_COLOR_NAME = AccentColor;
				CODE_SIGN_STYLE = Automatic;
				CURRENT_PROJECT_VERSION = 1;
				DEVELOPMENT_TEAM = D2Y5T6QQ34;
				ENABLE_PREVIEWS = YES;
				GENERATE_INFOPLIST_FILE = YES;
				INFOPLIST_KEY_UIApplicationSceneManifest_Generation = YES;
				INFOPLIST_KEY_UIApplicationSupportsIndirectInputEvents = YES;
				INFOPLIST_KEY_UILaunchScreen_Generation = YES;
				INFOPLIST_KEY_UISupportedInterfaceOrientations_iPad = "UIInterfaceOrientationPortrait UIInterfaceOrientationPortraitUpsideDown UIInterfaceOrientationLandscapeLeft UIInterfaceOrientationLandscapeRight";
				INFOPLIST_KEY_UISupportedInterfaceOrientations_iPhone = "UIInterfaceOrientationPortrait UIInterfaceOrientationLandscapeLeft UIInterfaceOrientationLandscapeRight";
				IPHONEOS_DEPLOYMENT_TARGET = 15.2;
				LD_RUNPATH_SEARCH_PATHS = (
					"$(inherited)",
					"@executable_path/Frameworks",
				);
				MARKETING_VERSION = 1.0;
				PRODUCT_BUNDLE_IDENTIFIER = proj100days.samvlu;
				PRODUCT_NAME = samvlu;
				SDKROOT = iphoneos;
				SWIFT_EMIT_LOC_STRINGS = YES;
				SWIFT_VERSION = 5.0;
				TARGETED_DEVICE_FAMILY = "1,2";
			};
			name = Debug;
		};
		6D040F8627DF43D600044459 /* Release */ = {
			isa = XCBuildConfiguration;
			buildSettings = {
				ASSETCATALOG_COMPILER_APPICON_NAME = AppIcon;
				ASSETCATALOG_COMPILER_GLOBAL_ACCENT_COLOR_NAME = AccentColor;
				CODE_SIGN_STYLE = Automatic;
				CURRENT_PROJECT_VERSION = 1;
				DEVELOPMENT_TEAM = D2Y5T6QQ34;
				ENABLE_PREVIEWS = YES;
				GENERATE_INFOPLIST_FILE = YES;
				INFOPLIST_KEY_UIApplicationSceneManifest_Generation = YES;
				INFOPLIST_KEY_UIApplicationSupportsIndirectInputEvents = YES;
				INFOPLIST_KEY_UILaunchScreen_Generation = YES;
				INFOPLIST_KEY_UISupportedInterfaceOrientations_iPad = "UIInterfaceOrientationPortrait UIInterfaceOrientationPortraitUpsideDown UIInterfaceOrientationLandscapeLeft UIInterfaceOrientationLandscapeRight";
				INFOPLIST_KEY_UISupportedInterfaceOrientations_iPhone = "UIInterfaceOrientationPortrait UIInterfaceOrientationLandscapeLeft UIInterfaceOrientationLandscapeRight";
				IPHONEOS_DEPLOYMENT_TARGET = 15.2;
				LD_RUNPATH_SEARCH_PATHS = (
					"$(inherited)",
					"@executable_path/Frameworks",
				);
				MARKETING_VERSION = 1.0;
				PRODUCT_BUNDLE_IDENTIFIER = proj100days.samvlu;
				PRODUCT_NAME = samvlu;
				SDKROOT = iphoneos;
				SWIFT_EMIT_LOC_STRINGS = YES;
				SWIFT_VERSION = 5.0;
				TARGETED_DEVICE_FAMILY = "1,2";
				VALIDATE_PRODUCT = YES;
			};
			name = Release;
		};
		6D040F8827DF43D600044459 /* Debug */ = {
			isa = XCBuildConfiguration;
			buildSettings = {
				ASSETCATALOG_COMPILER_APPICON_NAME = AppIcon;
				ASSETCATALOG_COMPILER_GLOBAL_ACCENT_COLOR_NAME = AccentColor;
				CODE_SIGN_ENTITLEMENTS = macOS/macOS.entitlements;
				CODE_SIGN_IDENTITY = "-";
				CODE_SIGN_STYLE = Automatic;
				COMBINE_HIDPI_IMAGES = YES;
				CURRENT_PROJECT_VERSION = 1;
				DEVELOPMENT_TEAM = D2Y5T6QQ34;
				ENABLE_HARDENED_RUNTIME = YES;
				ENABLE_PREVIEWS = YES;
				GENERATE_INFOPLIST_FILE = YES;
				INFOPLIST_KEY_NSHumanReadableCopyright = "";
				LD_RUNPATH_SEARCH_PATHS = (
					"$(inherited)",
					"@executable_path/../Frameworks",
				);
				MACOSX_DEPLOYMENT_TARGET = 12.1;
				MARKETING_VERSION = 1.0;
				PRODUCT_BUNDLE_IDENTIFIER = proj100days.samvlu;
				PRODUCT_NAME = samvlu;
				SDKROOT = macosx;
				SWIFT_EMIT_LOC_STRINGS = YES;
				SWIFT_VERSION = 5.0;
			};
			name = Debug;
		};
		6D040F8927DF43D600044459 /* Release */ = {
			isa = XCBuildConfiguration;
			buildSettings = {
				ASSETCATALOG_COMPILER_APPICON_NAME = AppIcon;
				ASSETCATALOG_COMPILER_GLOBAL_ACCENT_COLOR_NAME = AccentColor;
				CODE_SIGN_ENTITLEMENTS = macOS/macOS.entitlements;
				CODE_SIGN_IDENTITY = "-";
				CODE_SIGN_STYLE = Automatic;
				COMBINE_HIDPI_IMAGES = YES;
				CURRENT_PROJECT_VERSION = 1;
				DEVELOPMENT_TEAM = D2Y5T6QQ34;
				ENABLE_HARDENED_RUNTIME = YES;
				ENABLE_PREVIEWS = YES;
				GENERATE_INFOPLIST_FILE = YES;
				INFOPLIST_KEY_NSHumanReadableCopyright = "";
				LD_RUNPATH_SEARCH_PATHS = (
					"$(inherited)",
					"@executable_path/../Frameworks",
				);
				MACOSX_DEPLOYMENT_TARGET = 12.1;
				MARKETING_VERSION = 1.0;
				PRODUCT_BUNDLE_IDENTIFIER = proj100days.samvlu;
				PRODUCT_NAME = samvlu;
				SDKROOT = macosx;
				SWIFT_EMIT_LOC_STRINGS = YES;
				SWIFT_VERSION = 5.0;
			};
			name = Release;
		};
/* End XCBuildConfiguration section */

/* Begin XCConfigurationList section */
		6D040F6A27DF43D500044459 /* Build configuration list for PBXProject "samvlu" */ = {
			isa = XCConfigurationList;
			buildConfigurations = (
				6D040F8227DF43D600044459 /* Debug */,
				6D040F8327DF43D600044459 /* Release */,
			);
			defaultConfigurationIsVisible = 0;
			defaultConfigurationName = Release;
		};
		6D040F8427DF43D600044459 /* Build configuration list for PBXNativeTarget "samvlu (iOS)" */ = {
			isa = XCConfigurationList;
			buildConfigurations = (
				6D040F8527DF43D600044459 /* Debug */,
				6D040F8627DF43D600044459 /* Release */,
			);
			defaultConfigurationIsVisible = 0;
			defaultConfigurationName = Release;
		};
		6D040F8727DF43D600044459 /* Build configuration list for PBXNativeTarget "samvlu (macOS)" */ = {
			isa = XCConfigurationList;
			buildConfigurations = (
				6D040F8827DF43D600044459 /* Debug */,
				6D040F8927DF43D600044459 /* Release */,
			);
			defaultConfigurationIsVisible = 0;
			defaultConfigurationName = Release;
		};
/* End XCConfigurationList section */
	};
	rootObject = 6D040F6727DF43D500044459 /* Project object */;
}
